// !$*UTF8*$!
{
	archiveVersion = 1;
	classes = {
	};
	objectVersion = 46;
	objects = {

/* Begin PBXBuildFile section */
		1F53A30B19DA7FCA00310387 /* AppDelegate.swift in Sources */ = {isa = PBXBuildFile; fileRef = 1F53A30A19DA7FCA00310387 /* AppDelegate.swift */; };
		1F53A30D19DA7FCA00310387 /* ViewController.swift in Sources */ = {isa = PBXBuildFile; fileRef = 1F53A30C19DA7FCA00310387 /* ViewController.swift */; };
		1F53A31019DA7FCA00310387 /* Main.storyboard in Resources */ = {isa = PBXBuildFile; fileRef = 1F53A30E19DA7FCA00310387 /* Main.storyboard */; };
		1F53A31219DA7FCA00310387 /* Images.xcassets in Resources */ = {isa = PBXBuildFile; fileRef = 1F53A31119DA7FCA00310387 /* Images.xcassets */; };
		1F53A31519DA7FCA00310387 /* LaunchScreen.xib in Resources */ = {isa = PBXBuildFile; fileRef = 1F53A31319DA7FCA00310387 /* LaunchScreen.xib */; };
		1F53A32119DA7FCA00310387 /* PostcardTests.swift in Sources */ = {isa = PBXBuildFile; fileRef = 1F53A32019DA7FCA00310387 /* PostcardTests.swift */; };
/* End PBXBuildFile section */

/* Begin PBXContainerItemProxy section */
		1F53A31B19DA7FCA00310387 /* PBXContainerItemProxy */ = {
			isa = PBXContainerItemProxy;
			containerPortal = 1F53A2FD19DA7FCA00310387 /* Project object */;
			proxyType = 1;
			remoteGlobalIDString = 1F53A30419DA7FCA00310387;
			remoteInfo = Postcard;
		};
/* End PBXContainerItemProxy section */

/* Begin PBXFileReference section */
		1F53A30519DA7FCA00310387 /* Postcard.app */ = {isa = PBXFileReference; explicitFileType = wrapper.application; includeInIndex = 0; path = Postcard.app; sourceTree = BUILT_PRODUCTS_DIR; };
		1F53A30919DA7FCA00310387 /* Info.plist */ = {isa = PBXFileReference; lastKnownFileType = text.plist.xml; path = Info.plist; sourceTree = "<group>"; };
		1F53A30A19DA7FCA00310387 /* AppDelegate.swift */ = {isa = PBXFileReference; lastKnownFileType = sourcecode.swift; path = AppDelegate.swift; sourceTree = "<group>"; };
		1F53A30C19DA7FCA00310387 /* ViewController.swift */ = {isa = PBXFileReference; lastKnownFileType = sourcecode.swift; path = ViewController.swift; sourceTree = "<group>"; };
		1F53A30F19DA7FCA00310387 /* Base */ = {isa = PBXFileReference; lastKnownFileType = file.storyboard; name = Base; path = Base.lproj/Main.storyboard; sourceTree = "<group>"; };
		1F53A31119DA7FCA00310387 /* Images.xcassets */ = {isa = PBXFileReference; lastKnownFileType = folder.assetcatalog; path = Images.xcassets; sourceTree = "<group>"; };
		1F53A31419DA7FCA00310387 /* Base */ = {isa = PBXFileReference; lastKnownFileType = file.xib; name = Base; path = Base.lproj/LaunchScreen.xib; sourceTree = "<group>"; };
		1F53A31A19DA7FCA00310387 /* PostcardTests.xctest */ = {isa = PBXFileReference; explicitFileType = wrapper.cfbundle; includeInIndex = 0; path = PostcardTests.xctest; sourceTree = BUILT_PRODUCTS_DIR; };
		1F53A31F19DA7FCA00310387 /* Info.plist */ = {isa = PBXFileReference; lastKnownFileType = text.plist.xml; path = Info.plist; sourceTree = "<group>"; };
		1F53A32019DA7FCA00310387 /* PostcardTests.swift */ = {isa = PBXFileReference; lastKnownFileType = sourcecode.swift; path = PostcardTests.swift; sourceTree = "<group>"; };
/* End PBXFileReference section */

/* Begin PBXFrameworksBuildPhase section */
		1F53A30219DA7FCA00310387 /* Frameworks */ = {
			isa = PBXFrameworksBuildPhase;
			buildActionMask = 2147483647;
			files = (
			);
			runOnlyForDeploymentPostprocessing = 0;
		};
		1F53A31719DA7FCA00310387 /* Frameworks */ = {
			isa = PBXFrameworksBuildPhase;
			buildActionMask = 2147483647;
			files = (
			);
			runOnlyForDeploymentPostprocessing = 0;
		};
/* End PBXFrameworksBuildPhase section */

/* Begin PBXGroup section */
		1F53A2FC19DA7FCA00310387 = {
			isa = PBXGroup;
			children = (
				1F53A30719DA7FCA00310387 /* Postcard */,
				1F53A31D19DA7FCA00310387 /* PostcardTests */,
				1F53A30619DA7FCA00310387 /* Products */,
			);
			sourceTree = "<group>";
		};
		1F53A30619DA7FCA00310387 /* Products */ = {
			isa = PBXGroup;
			children = (
				1F53A30519DA7FCA00310387 /* Postcard.app */,
				1F53A31A19DA7FCA00310387 /* PostcardTests.xctest */,
			);
			name = Products;
			sourceTree = "<group>";
		};
		1F53A30719DA7FCA00310387 /* Postcard */ = {
			isa = PBXGroup;
			children = (
				1F53A30A19DA7FCA00310387 /* AppDelegate.swift */,
				1F53A30C19DA7FCA00310387 /* ViewController.swift */,
				1F53A30E19DA7FCA00310387 /* Main.storyboard */,
				1F53A31119DA7FCA00310387 /* Images.xcassets */,
				1F53A31319DA7FCA00310387 /* LaunchScreen.xib */,
				1F53A30819DA7FCA00310387 /* Supporting Files */,
			);
			path = Postcard;
			sourceTree = "<group>";
		};
		1F53A30819DA7FCA00310387 /* Supporting Files */ = {
			isa = PBXGroup;
			children = (
				1F53A30919DA7FCA00310387 /* Info.plist */,
			);
			name = "Supporting Files";
			sourceTree = "<group>";
		};
		1F53A31D19DA7FCA00310387 /* PostcardTests */ = {
			isa = PBXGroup;
			children = (
				1F53A32019DA7FCA00310387 /* PostcardTests.swift */,
				1F53A31E19DA7FCA00310387 /* Supporting Files */,
			);
			path = PostcardTests;
			sourceTree = "<group>";
		};
		1F53A31E19DA7FCA00310387 /* Supporting Files */ = {
			isa = PBXGroup;
			children = (
				1F53A31F19DA7FCA00310387 /* Info.plist */,
			);
			name = "Supporting Files";
			sourceTree = "<group>";
		};
/* End PBXGroup section */

/* Begin PBXNativeTarget section */
		1F53A30419DA7FCA00310387 /* Postcard */ = {
			isa = PBXNativeTarget;
			buildConfigurationList = 1F53A32419DA7FCA00310387 /* Build configuration list for PBXNativeTarget "Postcard" */;
			buildPhases = (
				1F53A30119DA7FCA00310387 /* Sources */,
				1F53A30219DA7FCA00310387 /* Frameworks */,
				1F53A30319DA7FCA00310387 /* Resources */,
			);
			buildRules = (
			);
			dependencies = (
			);
			name = Postcard;
			productName = Postcard;
			productReference = 1F53A30519DA7FCA00310387 /* Postcard.app */;
			productType = "com.apple.product-type.application";
		};
		1F53A31919DA7FCA00310387 /* PostcardTests */ = {
			isa = PBXNativeTarget;
			buildConfigurationList = 1F53A32719DA7FCA00310387 /* Build configuration list for PBXNativeTarget "PostcardTests" */;
			buildPhases = (
				1F53A31619DA7FCA00310387 /* Sources */,
				1F53A31719DA7FCA00310387 /* Frameworks */,
				1F53A31819DA7FCA00310387 /* Resources */,
			);
			buildRules = (
			);
			dependencies = (
				1F53A31C19DA7FCA00310387 /* PBXTargetDependency */,
			);
			name = PostcardTests;
			productName = PostcardTests;
			productReference = 1F53A31A19DA7FCA00310387 /* PostcardTests.xctest */;
			productType = "com.apple.product-type.bundle.unit-test";
		};
/* End PBXNativeTarget section */

/* Begin PBXProject section */
		1F53A2FD19DA7FCA00310387 /* Project object */ = {
			isa = PBXProject;
			attributes = {
				LastUpgradeCheck = 0600;
				ORGANIZATIONNAME = "Ian Matteson Photo";
				TargetAttributes = {
					1F53A30419DA7FCA00310387 = {
						CreatedOnToolsVersion = 6.0.1;
					};
					1F53A31919DA7FCA00310387 = {
						CreatedOnToolsVersion = 6.0.1;
						TestTargetID = 1F53A30419DA7FCA00310387;
					};
				};
			};
			buildConfigurationList = 1F53A30019DA7FCA00310387 /* Build configuration list for PBXProject "Postcard" */;
			compatibilityVersion = "Xcode 3.2";
			developmentRegion = English;
			hasScannedForEncodings = 0;
			knownRegions = (
				en,
				Base,
			);
			mainGroup = 1F53A2FC19DA7FCA00310387;
			productRefGroup = 1F53A30619DA7FCA00310387 /* Products */;
			projectDirPath = "";
			projectRoot = "";
			targets = (
				1F53A30419DA7FCA00310387 /* Postcard */,
				1F53A31919DA7FCA00310387 /* PostcardTests */,
			);
		};
/* End PBXProject section */

/* Begin PBXResourcesBuildPhase section */
		1F53A30319DA7FCA00310387 /* Resources */ = {
			isa = PBXResourcesBuildPhase;
			buildActionMask = 2147483647;
			files = (
				1F53A31019DA7FCA00310387 /* Main.storyboard in Resources */,
				1F53A31519DA7FCA00310387 /* LaunchScreen.xib in Resources */,
				1F53A31219DA7FCA00310387 /* Images.xcassets in Resources */,
			);
			runOnlyForDeploymentPostprocessing = 0;
		};
		1F53A31819DA7FCA00310387 /* Resources */ = {
			isa = PBXResourcesBuildPhase;
			buildActionMask = 2147483647;
			files = (
			);
			runOnlyForDeploymentPostprocessing = 0;
		};
/* End PBXResourcesBuildPhase section */

/* Begin PBXSourcesBuildPhase section */
		1F53A30119DA7FCA00310387 /* Sources */ = {
			isa = PBXSourcesBuildPhase;
			buildActionMask = 2147483647;
			files = (
				1F53A30D19DA7FCA00310387 /* ViewController.swift in Sources */,
				1F53A30B19DA7FCA00310387 /* AppDelegate.swift in Sources */,
			);
			runOnlyForDeploymentPostprocessing = 0;
		};
		1F53A31619DA7FCA00310387 /* Sources */ = {
			isa = PBXSourcesBuildPhase;
			buildActionMask = 2147483647;
			files = (
				1F53A32119DA7FCA00310387 /* PostcardTests.swift in Sources */,
			);
			runOnlyForDeploymentPostprocessing = 0;
		};
/* End PBXSourcesBuildPhase section */

/* Begin PBXTargetDependency section */
		1F53A31C19DA7FCA00310387 /* PBXTargetDependency */ = {
			isa = PBXTargetDependency;
			target = 1F53A30419DA7FCA00310387 /* Postcard */;
			targetProxy = 1F53A31B19DA7FCA00310387 /* PBXContainerItemProxy */;
		};
/* End PBXTargetDependency section */

/* Begin PBXVariantGroup section */
		1F53A30E19DA7FCA00310387 /* Main.storyboard */ = {
			isa = PBXVariantGroup;
			children = (
				1F53A30F19DA7FCA00310387 /* Base */,
			);
			name = Main.storyboard;
			sourceTree = "<group>";
		};
		1F53A31319DA7FCA00310387 /* LaunchScreen.xib */ = {
			isa = PBXVariantGroup;
			children = (
				1F53A31419DA7FCA00310387 /* Base */,
			);
			name = LaunchScreen.xib;
			sourceTree = "<group>";
		};
/* End PBXVariantGroup section */

/* Begin XCBuildConfiguration section */
		1F53A32219DA7FCA00310387 /* Debug */ = {
			isa = XCBuildConfiguration;
			buildSettings = {
				ALWAYS_SEARCH_USER_PATHS = NO;
				CLANG_CXX_LANGUAGE_STANDARD = "gnu++0x";
				CLANG_CXX_LIBRARY = "libc++";
				CLANG_ENABLE_MODULES = YES;
				CLANG_ENABLE_OBJC_ARC = YES;
				CLANG_WARN_BOOL_CONVERSION = YES;
				CLANG_WARN_CONSTANT_CONVERSION = YES;
				CLANG_WARN_DIRECT_OBJC_ISA_USAGE = YES_ERROR;
				CLANG_WARN_EMPTY_BODY = YES;
				CLANG_WARN_ENUM_CONVERSION = YES;
				CLANG_WARN_INT_CONVERSION = YES;
				CLANG_WARN_OBJC_ROOT_CLASS = YES_ERROR;
				CLANG_WARN_UNREACHABLE_CODE = YES;
				CLANG_WARN__DUPLICATE_METHOD_MATCH = YES;
				"CODE_SIGN_IDENTITY[sdk=iphoneos*]" = "iPhone Developer";
				COPY_PHASE_STRIP = NO;
				ENABLE_STRICT_OBJC_MSGSEND = YES;
				GCC_C_LANGUAGE_STANDARD = gnu99;
				GCC_DYNAMIC_NO_PIC = NO;
				GCC_OPTIMIZATION_LEVEL = 0;
				GCC_PREPROCESSOR_DEFINITIONS = (
					"DEBUG=1",
					"$(inherited)",
				);
				GCC_SYMBOLS_PRIVATE_EXTERN = NO;
				GCC_WARN_64_TO_32_BIT_CONVERSION = YES;
				GCC_WARN_ABOUT_RETURN_TYPE = YES_ERROR;
				GCC_WARN_UNDECLARED_SELECTOR = YES;
				GCC_WARN_UNINITIALIZED_AUTOS = YES_AGGRESSIVE;
				GCC_WARN_UNUSED_FUNCTION = YES;
				GCC_WARN_UNUSED_VARIABLE = YES;
				IPHONEOS_DEPLOYMENT_TARGET = 8.0;
				MTL_ENABLE_DEBUG_INFO = YES;
				ONLY_ACTIVE_ARCH = YES;
				SDKROOT = iphoneos;
				SWIFT_OPTIMIZATION_LEVEL = "-Onone";
			};
			name = Debug;
		};
		1F53A32319DA7FCA00310387 /* Release */ = {
			isa = XCBuildConfiguration;
			buildSettings = {
				ALWAYS_SEARCH_USER_PATHS = NO;
				CLANG_CXX_LANGUAGE_STANDARD = "gnu++0x";
				CLANG_CXX_LIBRARY = "libc++";
				CLANG_ENABLE_MODULES = YES;
				CLANG_ENABLE_OBJC_ARC = YES;
				CLANG_WARN_BOOL_CONVERSION = YES;
				CLANG_WARN_CONSTANT_CONVERSION = YES;
				CLANG_WARN_DIRECT_OBJC_ISA_USAGE = YES_ERROR;
				CLANG_WARN_EMPTY_BODY = YES;
				CLANG_WARN_ENUM_CONVERSION = YES;
				CLANG_WARN_INT_CONVERSION = YES;
				CLANG_WARN_OBJC_ROOT_CLASS = YES_ERROR;
				CLANG_WARN_UNREACHABLE_CODE = YES;
				CLANG_WARN__DUPLICATE_METHOD_MATCH = YES;
				"CODE_SIGN_IDENTITY[sdk=iphoneos*]" = "iPhone Developer";
				COPY_PHASE_STRIP = YES;
				ENABLE_NS_ASSERTIONS = NO;
				ENABLE_STRICT_OBJC_MSGSEND = YES;
				GCC_C_LANGUAGE_STANDARD = gnu99;
				GCC_WARN_64_TO_32_BIT_CONVERSION = YES;
				GCC_WARN_ABOUT_RETURN_TYPE = YES_ERROR;
				GCC_WARN_UNDECLARED_SELECTOR = YES;
				GCC_WARN_UNINITIALIZED_AUTOS = YES_AGGRESSIVE;
				GCC_WARN_UNUSED_FUNCTION = YES;
				GCC_WARN_UNUSED_VARIABLE = YES;
				IPHONEOS_DEPLOYMENT_TARGET = 8.0;
				MTL_ENABLE_DEBUG_INFO = NO;
				SDKROOT = iphoneos;
				VALIDATE_PRODUCT = YES;
			};
			name = Release;
		};
		1F53A32519DA7FCA00310387 /* Debug */ = {
			isa = XCBuildConfiguration;
			buildSettings = {
				ASSETCATALOG_COMPILER_APPICON_NAME = AppIcon;
				INFOPLIST_FILE = Postcard/Info.plist;
				LD_RUNPATH_SEARCH_PATHS = "$(inherited) @executable_path/Frameworks";
				PRODUCT_NAME = "$(TARGET_NAME)";
			};
			name = Debug;
		};
		1F53A32619DA7FCA00310387 /* Release */ = {
			isa = XCBuildConfiguration;
			buildSettings = {
				ASSETCATALOG_COMPILER_APPICON_NAME = AppIcon;
				INFOPLIST_FILE = Postcard/Info.plist;
				LD_RUNPATH_SEARCH_PATHS = "$(inherited) @executable_path/Frameworks";
				PRODUCT_NAME = "$(TARGET_NAME)";
			};
			name = Release;
		};
		1F53A32819DA7FCA00310387 /* Debug */ = {
			isa = XCBuildConfiguration;
			buildSettings = {
				BUNDLE_LOADER = "$(TEST_HOST)";
				FRAMEWORK_SEARCH_PATHS = (
					"$(SDKROOT)/Developer/Library/Frameworks",
					"$(inherited)",
				);
				GCC_PREPROCESSOR_DEFINITIONS = (
					"DEBUG=1",
					"$(inherited)",
				);
				INFOPLIST_FILE = PostcardTests/Info.plist;
				LD_RUNPATH_SEARCH_PATHS = "$(inherited) @executable_path/Frameworks @loader_path/Frameworks";
				PRODUCT_NAME = "$(TARGET_NAME)";
				TEST_HOST = "$(BUILT_PRODUCTS_DIR)/Postcard.app/Postcard";
			};
			name = Debug;
		};
		1F53A32919DA7FCA00310387 /* Release */ = {
			isa = XCBuildConfiguration;
			buildSettings = {
				BUNDLE_LOADER = "$(TEST_HOST)";
				FRAMEWORK_SEARCH_PATHS = (
					"$(SDKROOT)/Developer/Library/Frameworks",
					"$(inherited)",
				);
				INFOPLIST_FILE = PostcardTests/Info.plist;
				LD_RUNPATH_SEARCH_PATHS = "$(inherited) @executable_path/Frameworks @loader_path/Frameworks";
				PRODUCT_NAME = "$(TARGET_NAME)";
				TEST_HOST = "$(BUILT_PRODUCTS_DIR)/Postcard.app/Postcard";
			};
			name = Release;
		};
/* End XCBuildConfiguration section */

/* Begin XCConfigurationList section */
		1F53A30019DA7FCA00310387 /* Build configuration list for PBXProject "Postcard" */ = {
			isa = XCConfigurationList;
			buildConfigurations = (
				1F53A32219DA7FCA00310387 /* Debug */,
				1F53A32319DA7FCA00310387 /* Release */,
			);
			defaultConfigurationIsVisible = 0;
			defaultConfigurationName = Release;
		};
		1F53A32419DA7FCA00310387 /* Build configuration list for PBXNativeTarget "Postcard" */ = {
			isa = XCConfigurationList;
			buildConfigurations = (
				1F53A32519DA7FCA00310387 /* Debug */,
				1F53A32619DA7FCA00310387 /* Release */,
			);
			defaultConfigurationIsVisible = 0;
		};
		1F53A32719DA7FCA00310387 /* Build configuration list for PBXNativeTarget "PostcardTests" */ = {
			isa = XCConfigurationList;
			buildConfigurations = (
				1F53A32819DA7FCA00310387 /* Debug */,
				1F53A32919DA7FCA00310387 /* Release */,
			);
			defaultConfigurationIsVisible = 0;
		};
/* End XCConfigurationList section */
	};
	rootObject = 1F53A2FD19DA7FCA00310387 /* Project object */;
}
